{
  "version": 4,
  "terraform_version": "1.3.6",
  "serial": 19,
  "lineage": "d5f64ce5-1229-eb4a-6f26-73822cefd0a5",
  "outputs": {
    "jenkins_server_ami_id": {
      "value": "ami-0ece7d4bb9b90f0c8",
      "type": "string"
    },
    "jenkins_server_ami_name": {
      "value": "ubuntu-ami-for-jenkins-227901315407",
      "type": "string"
    },
    "jenkins_server_private_ip": {
      "value": "10.0.1.206",
      "type": "string"
    },
    "jenkins_server_public_ip": {
      "value": "34.231.229.49",
      "type": "string"
    }
  },
  "resources": [
    {
      "mode": "data",
      "type": "aws_ami",
      "name": "jenkins_server",
      "provider": "provider[\"registry.terraform.io/hashicorp/aws\"]",
      "instances": [
        {
          "schema_version": 0,
          "attributes": {
            "architecture": "x86_64",
            "arn": "arn:aws:ec2:us-east-1::image/ami-0ece7d4bb9b90f0c8",
            "block_device_mappings": [
              {
                "device_name": "/dev/sda1",
                "ebs": {
                  "delete_on_termination": "true",
                  "encrypted": "false",
                  "iops": "0",
                  "snapshot_id": "snap-0fdc4da35449ffc51",
                  "throughput": "0",
                  "volume_size": "8",
                  "volume_type": "gp2"
                },
                "no_device": "",
                "virtual_name": ""
              },
              {
                "device_name": "/dev/sdb",
                "ebs": {},
                "no_device": "",
                "virtual_name": "ephemeral0"
              },
              {
                "device_name": "/dev/sdc",
                "ebs": {},
                "no_device": "",
                "virtual_name": "ephemeral1"
              }
            ],
            "boot_mode": "",
            "creation_date": "2022-12-25T19:30:49.000Z",
            "deprecation_time": "",
            "description": "Ubuntu for Jenkins Master and Slave",
            "ena_support": true,
            "executable_users": null,
            "filter": [
              {
                "name": "name",
                "values": [
                  "ubuntu-ami-for-jenkins-227901315407"
                ]
              }
            ],
            "hypervisor": "xen",
            "id": "ami-0ece7d4bb9b90f0c8",
            "image_id": "ami-0ece7d4bb9b90f0c8",
            "image_location": "227901315407/ubuntu-ami-for-jenkins-227901315407",
            "image_owner_alias": "",
            "image_type": "machine",
            "imds_support": "",
            "include_deprecated": false,
            "kernel_id": "",
            "most_recent": true,
            "name": "ubuntu-ami-for-jenkins-227901315407",
            "name_regex": null,
            "owner_id": "227901315407",
            "owners": [
              "self"
            ],
            "platform": "",
            "platform_details": "Linux/UNIX",
            "product_codes": [],
            "public": false,
            "ramdisk_id": "",
            "root_device_name": "/dev/sda1",
            "root_device_type": "ebs",
            "root_snapshot_id": "snap-0fdc4da35449ffc51",
            "sriov_net_support": "simple",
            "state": "available",
            "state_reason": {
              "code": "UNSET",
              "message": "UNSET"
            },
            "tags": {
              "Name": "ubuntu-ami-for-jenkins-227901315407"
            },
            "timeouts": null,
            "tpm_support": "",
            "usage_operation": "RunInstances",
            "virtualization_type": "hvm"
          },
          "sensitive_attributes": []
        }
      ]
    },
    {
      "mode": "data",
      "type": "template_file",
      "name": "jenkins_server",
      "provider": "provider[\"registry.terraform.io/hashicorp/template\"]",
      "instances": [
        {
          "schema_version": 0,
          "attributes": {
            "filename": null,
            "id": "ed602fe143f635a6a2bdfd6509919f62929677880368c329d012c8e01d260055",
            "rendered": "#!/bin/bash\n\nset -x\n\nfunction wait_for_jenkins()\n{\n  while (( 1 )); do\n      echo \"waiting for Jenkins to launch on port [8080] ...\"\n      \n      netcat -zv 127.0.0.1 8080\n      if (( $? == 0 )); then\n          break\n      fi\n\n      sleep 10\n  done\n\n  echo \"Jenkins launched\"\n}\n\nfunction updating_jenkins_master_password ()\n{\n  cat \u003e /tmp/jenkinsHash.py \u003c\u003cEOF\nimport bcrypt\nimport sys\n\nif not sys.argv[1]:\n  sys.exit(10)\n\nplaintext_pwd=sys.argv[1]\nencrypted_pwd=bcrypt.hashpw(sys.argv[1], bcrypt.gensalt(rounds=10, prefix=b\"2a\"))\nisCorrect=bcrypt.checkpw(plaintext_pwd, encrypted_pwd)\n\nif not isCorrect:\n  sys.exit(20);\n\nprint \"{}\".format(encrypted_pwd)\nEOF\n\n  chmod +x /tmp/jenkinsHash.py\n  \n  # Wait till /var/lib/jenkins/users/admin* folder gets created\n  sleep 10\n\n  cd /var/lib/jenkins/users/admin*\n  pwd\n  while (( 1 )); do\n      echo \"Waiting for Jenkins to generate admin user's config file ...\"\n\n      if [[ -f \"./config.xml\" ]]; then\n          break\n      fi\n\n      sleep 10\n  done\n\n  echo \"Admin config file created\"\n\n  admin_password=$(python /tmp/jenkinsHash.py password 2\u003e\u00261)\n  \n  # Please do not remove alter quote as it keeps the hash syntax intact or else while substitution, $\u003ccharacter\u003e will be replaced by null\n  xmlstarlet -q ed --inplace -u \"/user/properties/hudson.security.HudsonPrivateSecurityRealm_-Details/passwordHash\" -v '#jbcrypt:'\"$admin_password\" config.xml\n\n  # Restart\n  systemctl restart jenkins\n  sleep 10\n}\n\nfunction install_packages ()\n{\n\n  wget -O /etc/yum.repos.d/jenkins.repo http://pkg.jenkins-ci.org/redhat-stable/jenkins.repo\n  rpm --import https://jenkins-ci.org/redhat/jenkins-ci.org.key\n  yum install -y jenkins\n\n  # firewall\n  #firewall-cmd --permanent --new-service=jenkins\n  #firewall-cmd --permanent --service=jenkins --set-short=\"Jenkins Service Ports\"\n  #firewall-cmd --permanent --service=jenkins --set-description=\"Jenkins Service firewalld port exceptions\"\n  #firewall-cmd --permanent --service=jenkins --add-port=8080/tcp\n  #firewall-cmd --permanent --add-service=jenkins\n  #firewall-cmd --zone=public --add-service=http --permanent\n  #firewall-cmd --reload\n  systemctl enable jenkins\n  systemctl restart jenkins\n  sleep 10\n}\n\nfunction configure_jenkins_server ()\n{\n  # Jenkins cli\n  echo \"installing the Jenkins cli ...\"\n  cp /var/cache/jenkins/war/WEB-INF/jenkins-cli.jar /var/lib/jenkins/jenkins-cli.jar\n\n  # Getting initial password\n  # PASSWORD=$(cat /var/lib/jenkins/secrets/initialAdminPassword)\n  PASSWORD=\"password\"\n  sleep 10\n\n  jenkins_dir=\"/var/lib/jenkins\"\n  plugins_dir=\"$jenkins_dir/plugins\"\n\n  cd $jenkins_dir\n\n  # Open JNLP port\n  xmlstarlet -q ed --inplace -u \"/hudson/slaveAgentPort\" -v 33453 config.xml\n\n  cd $plugins_dir || { echo \"unable to chdir to [$plugins_dir]\"; exit 1; }\n\n  # List of plugins that are needed to be installed \n  plugin_list=\"git-client git github-api github-oauth github MSBuild ssh-slaves workflow-aggregator ws-cleanup\"\n\n  # remove existing plugins, if any ...\n  rm -rfv $plugin_list\n\n  for plugin in $plugin_list; do\n      echo \"installing plugin [$plugin] ...\"\n      java -jar $jenkins_dir/jenkins-cli.jar -s http://127.0.0.1:8080/ -auth admin:$PASSWORD install-plugin $plugin\n  done\n\n  # Restart jenkins after installing plugins\n  java -jar $jenkins_dir/jenkins-cli.jar -s http://127.0.0.1:8080 -auth admin:$PASSWORD safe-restart\n}\n\n### script starts here ###\n\ninstall_packages\n\nwait_for_jenkins\n\nupdating_jenkins_master_password\n\nwait_for_jenkins\n\nconfigure_jenkins_server\n\necho \"Done\"\nexit 0\n",
            "template": "#!/bin/bash\n\nset -x\n\nfunction wait_for_jenkins()\n{\n  while (( 1 )); do\n      echo \"waiting for Jenkins to launch on port [8080] ...\"\n      \n      netcat -zv 127.0.0.1 8080\n      if (( $? == 0 )); then\n          break\n      fi\n\n      sleep 10\n  done\n\n  echo \"Jenkins launched\"\n}\n\nfunction updating_jenkins_master_password ()\n{\n  cat \u003e /tmp/jenkinsHash.py \u003c\u003cEOF\nimport bcrypt\nimport sys\n\nif not sys.argv[1]:\n  sys.exit(10)\n\nplaintext_pwd=sys.argv[1]\nencrypted_pwd=bcrypt.hashpw(sys.argv[1], bcrypt.gensalt(rounds=10, prefix=b\"2a\"))\nisCorrect=bcrypt.checkpw(plaintext_pwd, encrypted_pwd)\n\nif not isCorrect:\n  sys.exit(20);\n\nprint \"{}\".format(encrypted_pwd)\nEOF\n\n  chmod +x /tmp/jenkinsHash.py\n  \n  # Wait till /var/lib/jenkins/users/admin* folder gets created\n  sleep 10\n\n  cd /var/lib/jenkins/users/admin*\n  pwd\n  while (( 1 )); do\n      echo \"Waiting for Jenkins to generate admin user's config file ...\"\n\n      if [[ -f \"./config.xml\" ]]; then\n          break\n      fi\n\n      sleep 10\n  done\n\n  echo \"Admin config file created\"\n\n  admin_password=$(python /tmp/jenkinsHash.py password 2\u003e\u00261)\n  \n  # Please do not remove alter quote as it keeps the hash syntax intact or else while substitution, $\u003ccharacter\u003e will be replaced by null\n  xmlstarlet -q ed --inplace -u \"/user/properties/hudson.security.HudsonPrivateSecurityRealm_-Details/passwordHash\" -v '#jbcrypt:'\"$admin_password\" config.xml\n\n  # Restart\n  systemctl restart jenkins\n  sleep 10\n}\n\nfunction install_packages ()\n{\n\n  wget -O /etc/yum.repos.d/jenkins.repo http://pkg.jenkins-ci.org/redhat-stable/jenkins.repo\n  rpm --import https://jenkins-ci.org/redhat/jenkins-ci.org.key\n  yum install -y jenkins\n\n  # firewall\n  #firewall-cmd --permanent --new-service=jenkins\n  #firewall-cmd --permanent --service=jenkins --set-short=\"Jenkins Service Ports\"\n  #firewall-cmd --permanent --service=jenkins --set-description=\"Jenkins Service firewalld port exceptions\"\n  #firewall-cmd --permanent --service=jenkins --add-port=8080/tcp\n  #firewall-cmd --permanent --add-service=jenkins\n  #firewall-cmd --zone=public --add-service=http --permanent\n  #firewall-cmd --reload\n  systemctl enable jenkins\n  systemctl restart jenkins\n  sleep 10\n}\n\nfunction configure_jenkins_server ()\n{\n  # Jenkins cli\n  echo \"installing the Jenkins cli ...\"\n  cp /var/cache/jenkins/war/WEB-INF/jenkins-cli.jar /var/lib/jenkins/jenkins-cli.jar\n\n  # Getting initial password\n  # PASSWORD=$(cat /var/lib/jenkins/secrets/initialAdminPassword)\n  PASSWORD=\"password\"\n  sleep 10\n\n  jenkins_dir=\"/var/lib/jenkins\"\n  plugins_dir=\"$jenkins_dir/plugins\"\n\n  cd $jenkins_dir\n\n  # Open JNLP port\n  xmlstarlet -q ed --inplace -u \"/hudson/slaveAgentPort\" -v 33453 config.xml\n\n  cd $plugins_dir || { echo \"unable to chdir to [$plugins_dir]\"; exit 1; }\n\n  # List of plugins that are needed to be installed \n  plugin_list=\"git-client git github-api github-oauth github MSBuild ssh-slaves workflow-aggregator ws-cleanup\"\n\n  # remove existing plugins, if any ...\n  rm -rfv $plugin_list\n\n  for plugin in $plugin_list; do\n      echo \"installing plugin [$plugin] ...\"\n      java -jar $jenkins_dir/jenkins-cli.jar -s http://127.0.0.1:8080/ -auth admin:$PASSWORD install-plugin $plugin\n  done\n\n  # Restart jenkins after installing plugins\n  java -jar $jenkins_dir/jenkins-cli.jar -s http://127.0.0.1:8080 -auth admin:$PASSWORD safe-restart\n}\n\n### script starts here ###\n\ninstall_packages\n\nwait_for_jenkins\n\nupdating_jenkins_master_password\n\nwait_for_jenkins\n\nconfigure_jenkins_server\n\necho \"Done\"\nexit 0\n",
            "vars": null
          },
          "sensitive_attributes": []
        }
      ]
    },
    {
      "mode": "managed",
      "type": "aws_instance",
      "name": "jenkins_server",
      "provider": "provider[\"registry.terraform.io/hashicorp/aws\"]",
      "instances": [
        {
          "schema_version": 1,
          "attributes": {
            "ami": "ami-0ece7d4bb9b90f0c8",
            "arn": "arn:aws:ec2:us-east-1:227901315407:instance/i-0b049798e05573cf3",
            "associate_public_ip_address": true,
            "availability_zone": "us-east-1a",
            "capacity_reservation_specification": [
              {
                "capacity_reservation_preference": "open",
                "capacity_reservation_target": []
              }
            ],
            "cpu_core_count": 1,
            "cpu_threads_per_core": 2,
            "credit_specification": [
              {
                "cpu_credits": "unlimited"
              }
            ],
            "disable_api_stop": false,
            "disable_api_termination": false,
            "ebs_block_device": [],
            "ebs_optimized": false,
            "enclave_options": [
              {
                "enabled": false
              }
            ],
            "ephemeral_block_device": [],
            "get_password_data": false,
            "hibernation": false,
            "host_id": null,
            "host_resource_group_arn": null,
            "iam_instance_profile": "",
            "id": "i-0b049798e05573cf3",
            "instance_initiated_shutdown_behavior": "stop",
            "instance_state": "running",
            "instance_type": "t3.medium",
            "ipv6_address_count": 0,
            "ipv6_addresses": [],
            "key_name": "jenkins_server",
            "launch_template": [],
            "maintenance_options": [
              {
                "auto_recovery": "default"
              }
            ],
            "metadata_options": [
              {
                "http_endpoint": "enabled",
                "http_put_response_hop_limit": 1,
                "http_tokens": "optional",
                "instance_metadata_tags": "disabled"
              }
            ],
            "monitoring": false,
            "network_interface": [],
            "outpost_arn": "",
            "password_data": "",
            "placement_group": "",
            "placement_partition_number": null,
            "primary_network_interface_id": "eni-02281146d94915567",
            "private_dns": "ip-10-0-1-206.ec2.internal",
            "private_dns_name_options": [
              {
                "enable_resource_name_dns_a_record": false,
                "enable_resource_name_dns_aaaa_record": false,
                "hostname_type": "ip-name"
              }
            ],
            "private_ip": "10.0.1.206",
            "public_dns": "ec2-34-231-229-49.compute-1.amazonaws.com",
            "public_ip": "34.231.229.49",
            "root_block_device": [
              {
                "delete_on_termination": true,
                "device_name": "/dev/sda1",
                "encrypted": false,
                "iops": 100,
                "kms_key_id": "",
                "tags": null,
                "throughput": 0,
                "volume_id": "vol-0f3831976766a7903",
                "volume_size": 8,
                "volume_type": "gp2"
              }
            ],
            "secondary_private_ips": [],
            "security_groups": [],
            "source_dest_check": true,
            "subnet_id": "subnet-08c420f542cc01d2b",
            "tags": {
              "Name": "jenkins_server"
            },
            "tags_all": {
              "Name": "jenkins_server"
            },
            "tenancy": "default",
            "timeouts": null,
            "user_data": "8483140e952e7064283e01afd4c1a9ce94cf8bec",
            "user_data_base64": null,
            "user_data_replace_on_change": false,
            "volume_tags": null,
            "vpc_security_group_ids": [
              "sg-0e7c2bc76270177ff"
            ]
          },
          "sensitive_attributes": [],
          "private": "eyJlMmJmYjczMC1lY2FhLTExZTYtOGY4OC0zNDM2M2JjN2M0YzAiOnsiY3JlYXRlIjo2MDAwMDAwMDAwMDAsImRlbGV0ZSI6MTIwMDAwMDAwMDAwMCwidXBkYXRlIjo2MDAwMDAwMDAwMDB9LCJzY2hlbWFfdmVyc2lvbiI6IjEifQ==",
          "dependencies": [
            "aws_key_pair.jenkins_server",
            "aws_security_group.jenkins_server",
            "aws_subnet.public_subnet1",
            "data.aws_ami.jenkins_server",
            "data.template_file.jenkins_server"
          ]
        }
      ]
    },
    {
      "mode": "managed",
      "type": "aws_internet_gateway",
      "name": "gw",
      "provider": "provider[\"registry.terraform.io/hashicorp/aws\"]",
      "instances": [
        {
          "schema_version": 0,
          "attributes": {
            "arn": "arn:aws:ec2:us-east-1:227901315407:internet-gateway/igw-046d70ad215c6771c",
            "id": "igw-046d70ad215c6771c",
            "owner_id": "227901315407",
            "tags": {
              "Name": "Terraform_IG"
            },
            "tags_all": {
              "Name": "Terraform_IG"
            },
            "timeouts": null,
            "vpc_id": "vpc-0de82edfcc86e6735"
          },
          "sensitive_attributes": [],
          "private": "eyJlMmJmYjczMC1lY2FhLTExZTYtOGY4OC0zNDM2M2JjN2M0YzAiOnsiY3JlYXRlIjoxMjAwMDAwMDAwMDAwLCJkZWxldGUiOjEyMDAwMDAwMDAwMDAsInVwZGF0ZSI6MTIwMDAwMDAwMDAwMH19",
          "dependencies": [
            "aws_vpc.vpc"
          ]
        }
      ]
    },
    {
      "mode": "managed",
      "type": "aws_key_pair",
      "name": "jenkins_server",
      "provider": "provider[\"registry.terraform.io/hashicorp/aws\"]",
      "instances": [
        {
          "schema_version": 1,
          "attributes": {
            "arn": "arn:aws:ec2:us-east-1:227901315407:key-pair/jenkins_server",
            "fingerprint": "96:ae:51:aa:79:84:f9:b0:91:bd:a3:e9:2d:c9:5f:ee",
            "id": "jenkins_server",
            "key_name": "jenkins_server",
            "key_name_prefix": "",
            "key_pair_id": "key-0517acbf38581e789",
            "key_type": "rsa",
            "public_key": "ssh-rsa AAAAB3NzaC1yc2EAAAADAQABAAABgQCdZzAEhvJRsUn6mRWZauUo9xMq99EtpAxwt5013pcifmE0JRkzEFnWJfNToneRVOn4Zla9G0Qo+K6P1nfVSyex3CeUjHGRdbqS/fAjuQb4nXdXItHPMmNK7CCmzPe5U/FS9rKbfP4fZhT7ozrUX111FKFWVFULmJX5PQGYiTmV2HmfU1wCma2cCnTmVTI1jye0eZbaTUpxrRRQjzHT4rAmis231OKKV4JmOZOS10H0olb1w6Juarx/L0oRdXsPr1AK0RpGV819oytf0WM7dvrdHcvUK5nAo5KTLmt7EpUDcH6FPyE5WUd5FhLVayJTboKp6hb9g6b+RoNL/N8f4dRYkW5uobny9oI/jBCeY6z3c0CZGr1Ij+i9BD5lAjTqLSVLDpMhrqCBYod59zhF1EN5di59DpACLbYW8nt49GSHuqOmT0l4nKo8A5VESt8mk26QNozAv99LS5NSLZG9u/BIVdmiCR56lRu9dDDds/q/o5vCTKhfPO5hZeTXqfpRpfc= oem@oem-HP-Pavilion-15-Notebook-PC",
            "tags": {},
            "tags_all": {}
          },
          "sensitive_attributes": [],
          "private": "eyJzY2hlbWFfdmVyc2lvbiI6IjEifQ=="
        }
      ]
    },
    {
      "mode": "managed",
      "type": "aws_route_table",
      "name": "route_table",
      "provider": "provider[\"registry.terraform.io/hashicorp/aws\"]",
      "instances": [
        {
          "schema_version": 0,
          "attributes": {
            "arn": "arn:aws:ec2:us-east-1:227901315407:route-table/rtb-0b25776ac464d6148",
            "id": "rtb-0b25776ac464d6148",
            "owner_id": "227901315407",
            "propagating_vgws": [],
            "route": [
              {
                "carrier_gateway_id": "",
                "cidr_block": "0.0.0.0/0",
                "core_network_arn": "",
                "destination_prefix_list_id": "",
                "egress_only_gateway_id": "",
                "gateway_id": "igw-046d70ad215c6771c",
                "instance_id": "",
                "ipv6_cidr_block": "",
                "local_gateway_id": "",
                "nat_gateway_id": "",
                "network_interface_id": "",
                "transit_gateway_id": "",
                "vpc_endpoint_id": "",
                "vpc_peering_connection_id": ""
              }
            ],
            "tags": {
              "Name": "TerraformRouteTable"
            },
            "tags_all": {
              "Name": "TerraformRouteTable"
            },
            "timeouts": null,
            "vpc_id": "vpc-0de82edfcc86e6735"
          },
          "sensitive_attributes": [],
          "private": "eyJlMmJmYjczMC1lY2FhLTExZTYtOGY4OC0zNDM2M2JjN2M0YzAiOnsiY3JlYXRlIjozMDAwMDAwMDAwMDAsImRlbGV0ZSI6MzAwMDAwMDAwMDAwLCJ1cGRhdGUiOjEyMDAwMDAwMDAwMH19",
          "dependencies": [
            "aws_internet_gateway.gw",
            "aws_vpc.vpc"
          ]
        }
      ]
    },
    {
      "mode": "managed",
      "type": "aws_route_table_association",
      "name": "public",
      "provider": "provider[\"registry.terraform.io/hashicorp/aws\"]",
      "instances": [
        {
          "schema_version": 0,
          "attributes": {
            "gateway_id": "",
            "id": "rtbassoc-062879e7e19711475",
            "route_table_id": "rtb-0b25776ac464d6148",
            "subnet_id": "subnet-08c420f542cc01d2b"
          },
          "sensitive_attributes": [],
          "private": "bnVsbA==",
          "dependencies": [
            "aws_internet_gateway.gw",
            "aws_route_table.route_table",
            "aws_subnet.public_subnet1",
            "aws_vpc.vpc"
          ]
        }
      ]
    },
    {
      "mode": "managed",
      "type": "aws_security_group",
      "name": "jenkins_server",
      "provider": "provider[\"registry.terraform.io/hashicorp/aws\"]",
      "instances": [
        {
          "schema_version": 1,
          "attributes": {
            "arn": "arn:aws:ec2:us-east-1:227901315407:security-group/sg-0e7c2bc76270177ff",
            "description": "Jenkins Server: created by Terraform for [dev]",
            "egress": [
              {
                "cidr_blocks": [
                  "0.0.0.0/0"
                ],
                "description": "allow jenkins servers for outbound yum",
                "from_port": 443,
                "ipv6_cidr_blocks": [],
                "prefix_list_ids": [],
                "protocol": "tcp",
                "security_groups": [],
                "self": false,
                "to_port": 443
              },
              {
                "cidr_blocks": [
                  "0.0.0.0/0"
                ],
                "description": "allow jenkins servers for outbound yum",
                "from_port": 80,
                "ipv6_cidr_blocks": [],
                "prefix_list_ids": [],
                "protocol": "tcp",
                "security_groups": [],
                "self": false,
                "to_port": 80
              },
              {
                "cidr_blocks": [
                  "0.0.0.0/0"
                ],
                "description": "allow jenkins servers to ssh to other machines",
                "from_port": 22,
                "ipv6_cidr_blocks": [],
                "prefix_list_ids": [],
                "protocol": "tcp",
                "security_groups": [],
                "self": false,
                "to_port": 22
              }
            ],
            "id": "sg-0e7c2bc76270177ff",
            "ingress": [
              {
                "cidr_blocks": [
                  "0.0.0.0/0"
                ],
                "description": "jenkins server web",
                "from_port": 8080,
                "ipv6_cidr_blocks": [],
                "prefix_list_ids": [],
                "protocol": "tcp",
                "security_groups": [],
                "self": false,
                "to_port": 8080
              },
              {
                "cidr_blocks": [
                  "10.0.0.0/16"
                ],
                "description": "jenkins server JNLP Connection",
                "from_port": 33453,
                "ipv6_cidr_blocks": [],
                "prefix_list_ids": [],
                "protocol": "tcp",
                "security_groups": [],
                "self": false,
                "to_port": 33453
              },
              {
                "cidr_blocks": [
                  "192.168.1.19/32",
                  "106.214.142.9/32",
                  "10.0.0.0/16"
                ],
                "description": "ssh to jenkins_server",
                "from_port": 22,
                "ipv6_cidr_blocks": [],
                "prefix_list_ids": [],
                "protocol": "tcp",
                "security_groups": [],
                "self": false,
                "to_port": 22
              }
            ],
            "name": "jenkins_server",
            "name_prefix": "",
            "owner_id": "227901315407",
            "revoke_rules_on_delete": false,
            "tags": {},
            "tags_all": {},
            "timeouts": null,
            "vpc_id": "vpc-0de82edfcc86e6735"
          },
          "sensitive_attributes": [],
          "private": "eyJlMmJmYjczMC1lY2FhLTExZTYtOGY4OC0zNDM2M2JjN2M0YzAiOnsiY3JlYXRlIjo2MDAwMDAwMDAwMDAsImRlbGV0ZSI6OTAwMDAwMDAwMDAwfSwic2NoZW1hX3ZlcnNpb24iOiIxIn0=",
          "dependencies": [
            "aws_vpc.vpc"
          ]
        }
      ]
    },
    {
      "mode": "managed",
      "type": "aws_security_group_rule",
      "name": "jenkins_server_from_source_ingress_jnlp",
      "provider": "provider[\"registry.terraform.io/hashicorp/aws\"]",
      "instances": [
        {
          "schema_version": 2,
          "attributes": {
            "cidr_blocks": [
              "10.0.0.0/16"
            ],
            "description": "jenkins server JNLP Connection",
            "from_port": 33453,
            "id": "sgrule-2617645220",
            "ipv6_cidr_blocks": null,
            "prefix_list_ids": null,
            "protocol": "tcp",
            "security_group_id": "sg-0e7c2bc76270177ff",
            "security_group_rule_id": "sgr-052d288b1ac15e61d",
            "self": false,
            "source_security_group_id": null,
            "timeouts": null,
            "to_port": 33453,
            "type": "ingress"
          },
          "sensitive_attributes": [],
          "private": "eyJlMmJmYjczMC1lY2FhLTExZTYtOGY4OC0zNDM2M2JjN2M0YzAiOnsiY3JlYXRlIjozMDAwMDAwMDAwMDB9LCJzY2hlbWFfdmVyc2lvbiI6IjIifQ==",
          "dependencies": [
            "aws_security_group.jenkins_server",
            "aws_vpc.vpc"
          ]
        }
      ]
    },
    {
      "mode": "managed",
      "type": "aws_security_group_rule",
      "name": "jenkins_server_from_source_ingress_ssh",
      "provider": "provider[\"registry.terraform.io/hashicorp/aws\"]",
      "instances": [
        {
          "schema_version": 2,
          "attributes": {
            "cidr_blocks": [
              "192.168.1.19/32",
              "106.214.142.9/32",
              "10.0.0.0/16"
            ],
            "description": "ssh to jenkins_server",
            "from_port": 22,
            "id": "sgrule-1162710029",
            "ipv6_cidr_blocks": null,
            "prefix_list_ids": null,
            "protocol": "tcp",
            "security_group_id": "sg-0e7c2bc76270177ff",
            "security_group_rule_id": "",
            "self": false,
            "source_security_group_id": null,
            "timeouts": null,
            "to_port": 22,
            "type": "ingress"
          },
          "sensitive_attributes": [],
          "private": "eyJlMmJmYjczMC1lY2FhLTExZTYtOGY4OC0zNDM2M2JjN2M0YzAiOnsiY3JlYXRlIjozMDAwMDAwMDAwMDB9LCJzY2hlbWFfdmVyc2lvbiI6IjIifQ==",
          "dependencies": [
            "aws_security_group.jenkins_server",
            "aws_vpc.vpc"
          ]
        }
      ]
    },
    {
      "mode": "managed",
      "type": "aws_security_group_rule",
      "name": "jenkins_server_from_source_ingress_webui",
      "provider": "provider[\"registry.terraform.io/hashicorp/aws\"]",
      "instances": [
        {
          "schema_version": 2,
          "attributes": {
            "cidr_blocks": [
              "0.0.0.0/0"
            ],
            "description": "jenkins server web",
            "from_port": 8080,
            "id": "sgrule-450708369",
            "ipv6_cidr_blocks": null,
            "prefix_list_ids": null,
            "protocol": "tcp",
            "security_group_id": "sg-0e7c2bc76270177ff",
            "security_group_rule_id": "sgr-0a6ec6d97f952b8d5",
            "self": false,
            "source_security_group_id": null,
            "timeouts": null,
            "to_port": 8080,
            "type": "ingress"
          },
          "sensitive_attributes": [],
          "private": "eyJlMmJmYjczMC1lY2FhLTExZTYtOGY4OC0zNDM2M2JjN2M0YzAiOnsiY3JlYXRlIjozMDAwMDAwMDAwMDB9LCJzY2hlbWFfdmVyc2lvbiI6IjIifQ==",
          "dependencies": [
            "aws_security_group.jenkins_server",
            "aws_vpc.vpc"
          ]
        }
      ]
    },
    {
      "mode": "managed",
      "type": "aws_security_group_rule",
      "name": "jenkins_server_outbound_all_443",
      "provider": "provider[\"registry.terraform.io/hashicorp/aws\"]",
      "instances": [
        {
          "schema_version": 2,
          "attributes": {
            "cidr_blocks": [
              "0.0.0.0/0"
            ],
            "description": "allow jenkins servers for outbound yum",
            "from_port": 443,
            "id": "sgrule-112126144",
            "ipv6_cidr_blocks": null,
            "prefix_list_ids": null,
            "protocol": "tcp",
            "security_group_id": "sg-0e7c2bc76270177ff",
            "security_group_rule_id": "sgr-093990d56e9a0cca2",
            "self": false,
            "source_security_group_id": null,
            "timeouts": null,
            "to_port": 443,
            "type": "egress"
          },
          "sensitive_attributes": [],
          "private": "eyJlMmJmYjczMC1lY2FhLTExZTYtOGY4OC0zNDM2M2JjN2M0YzAiOnsiY3JlYXRlIjozMDAwMDAwMDAwMDB9LCJzY2hlbWFfdmVyc2lvbiI6IjIifQ==",
          "dependencies": [
            "aws_security_group.jenkins_server",
            "aws_vpc.vpc"
          ]
        }
      ]
    },
    {
      "mode": "managed",
      "type": "aws_security_group_rule",
      "name": "jenkins_server_outbound_all_80",
      "provider": "provider[\"registry.terraform.io/hashicorp/aws\"]",
      "instances": [
        {
          "schema_version": 2,
          "attributes": {
            "cidr_blocks": [
              "0.0.0.0/0"
            ],
            "description": "allow jenkins servers for outbound yum",
            "from_port": 80,
            "id": "sgrule-3257232763",
            "ipv6_cidr_blocks": null,
            "prefix_list_ids": null,
            "protocol": "tcp",
            "security_group_id": "sg-0e7c2bc76270177ff",
            "security_group_rule_id": "sgr-0dad9a3ba723ce4b8",
            "self": false,
            "source_security_group_id": null,
            "timeouts": null,
            "to_port": 80,
            "type": "egress"
          },
          "sensitive_attributes": [],
          "private": "eyJlMmJmYjczMC1lY2FhLTExZTYtOGY4OC0zNDM2M2JjN2M0YzAiOnsiY3JlYXRlIjozMDAwMDAwMDAwMDB9LCJzY2hlbWFfdmVyc2lvbiI6IjIifQ==",
          "dependencies": [
            "aws_security_group.jenkins_server",
            "aws_vpc.vpc"
          ]
        }
      ]
    },
    {
      "mode": "managed",
      "type": "aws_security_group_rule",
      "name": "jenkins_server_to_other_machines_ssh",
      "provider": "provider[\"registry.terraform.io/hashicorp/aws\"]",
      "instances": [
        {
          "schema_version": 2,
          "attributes": {
            "cidr_blocks": [
              "0.0.0.0/0"
            ],
            "description": "allow jenkins servers to ssh to other machines",
            "from_port": 22,
            "id": "sgrule-777381188",
            "ipv6_cidr_blocks": null,
            "prefix_list_ids": null,
            "protocol": "tcp",
            "security_group_id": "sg-0e7c2bc76270177ff",
            "security_group_rule_id": "sgr-041c63e5954231bf8",
            "self": false,
            "source_security_group_id": null,
            "timeouts": null,
            "to_port": 22,
            "type": "egress"
          },
          "sensitive_attributes": [],
          "private": "eyJlMmJmYjczMC1lY2FhLTExZTYtOGY4OC0zNDM2M2JjN2M0YzAiOnsiY3JlYXRlIjozMDAwMDAwMDAwMDB9LCJzY2hlbWFfdmVyc2lvbiI6IjIifQ==",
          "dependencies": [
            "aws_security_group.jenkins_server",
            "aws_vpc.vpc"
          ]
        }
      ]
    },
    {
      "mode": "managed",
      "type": "aws_subnet",
      "name": "public_subnet1",
      "provider": "provider[\"registry.terraform.io/hashicorp/aws\"]",
      "instances": [
        {
          "schema_version": 1,
          "attributes": {
            "arn": "arn:aws:ec2:us-east-1:227901315407:subnet/subnet-08c420f542cc01d2b",
            "assign_ipv6_address_on_creation": false,
            "availability_zone": "us-east-1a",
            "availability_zone_id": "use1-az1",
            "cidr_block": "10.0.1.0/24",
            "customer_owned_ipv4_pool": "",
            "enable_dns64": false,
            "enable_resource_name_dns_a_record_on_launch": false,
            "enable_resource_name_dns_aaaa_record_on_launch": false,
            "id": "subnet-08c420f542cc01d2b",
            "ipv6_cidr_block": "",
            "ipv6_cidr_block_association_id": "",
            "ipv6_native": false,
            "map_customer_owned_ip_on_launch": false,
            "map_public_ip_on_launch": true,
            "outpost_arn": "",
            "owner_id": "227901315407",
            "private_dns_hostname_type_on_launch": "ip-name",
            "tags": {
              "Environment": "Production",
              "Name": "subnet-1"
            },
            "tags_all": {
              "Environment": "Production",
              "Name": "subnet-1"
            },
            "timeouts": null,
            "vpc_id": "vpc-0de82edfcc86e6735"
          },
          "sensitive_attributes": [],
          "private": "eyJlMmJmYjczMC1lY2FhLTExZTYtOGY4OC0zNDM2M2JjN2M0YzAiOnsiY3JlYXRlIjo2MDAwMDAwMDAwMDAsImRlbGV0ZSI6MTIwMDAwMDAwMDAwMH0sInNjaGVtYV92ZXJzaW9uIjoiMSJ9",
          "dependencies": [
            "aws_vpc.vpc"
          ]
        }
      ]
    },
    {
      "mode": "managed",
      "type": "aws_vpc",
      "name": "vpc",
      "provider": "provider[\"registry.terraform.io/hashicorp/aws\"]",
      "instances": [
        {
          "schema_version": 1,
          "attributes": {
            "arn": "arn:aws:ec2:us-east-1:227901315407:vpc/vpc-0de82edfcc86e6735",
            "assign_generated_ipv6_cidr_block": false,
            "cidr_block": "10.0.0.0/16",
            "default_network_acl_id": "acl-07264557ed5999d0c",
            "default_route_table_id": "rtb-0b5caad0279f776b9",
            "default_security_group_id": "sg-0d3066a0a2d694ee0",
            "dhcp_options_id": "dopt-0847bbfb865839d1a",
            "enable_classiclink": false,
            "enable_classiclink_dns_support": false,
            "enable_dns_hostnames": true,
            "enable_dns_support": true,
            "enable_network_address_usage_metrics": false,
            "id": "vpc-0de82edfcc86e6735",
            "instance_tenancy": "default",
            "ipv4_ipam_pool_id": null,
            "ipv4_netmask_length": null,
            "ipv6_association_id": "",
            "ipv6_cidr_block": "",
            "ipv6_cidr_block_network_border_group": "",
            "ipv6_ipam_pool_id": "",
            "ipv6_netmask_length": 0,
            "main_route_table_id": "rtb-0b5caad0279f776b9",
            "owner_id": "227901315407",
            "tags": {
              "Environment": "Production",
              "Name": "TerraformVpc"
            },
            "tags_all": {
              "Environment": "Production",
              "Name": "TerraformVpc"
            }
          },
          "sensitive_attributes": [],
          "private": "eyJzY2hlbWFfdmVyc2lvbiI6IjEifQ=="
        }
      ]
    }
  ],
  "check_results": null
}
